
Microsoft Visual Studio Solution File, Format Version 12.00
# Visual Studio 15
VisualStudioVersion = 15.0.27130.2010
MinimumVisualStudioVersion = 10.0.40219.1
Project("{FAE04EC0-301F-11D3-BF4B-00C04F79EFBC}") = "BaseStation", "BaseStation\BaseStation.csproj", "{33F85BB3-0BAD-48B7-BDDA-B4BEA1AFAE52}"
EndProject
Project("{2150E333-8FDC-42A3-9474-1A3956D46DE8}") = "Solution Items", "Solution Items", "{555AD4B0-DEC2-49D4-BD20-58EC5C3FBFC9}"
EndProject
Project("{F184B08F-C81C-45F6-A57F-5ABD9991F28F}") = "Queens_ImageControl", "BaseStation\Queens_ImageControl\Queens_ImageControl.vbproj", "{73B6253B-FFAD-47B8-A66C-059C99752689}"
EndProject
Global
	GlobalSection(SolutionConfigurationPlatforms) = preSolution
		Debug|Any CPU = Debug|Any CPU
		Release|Any CPU = Release|Any CPU
	EndGlobalSection
	GlobalSection(ProjectConfigurationPlatforms) = postSolution
		{33F85BB3-0BAD-48B7-BDDA-B4BEA1AFAE52}.Debug|Any CPU.ActiveCfg = Debug|Any CPU
		{33F85BB3-0BAD-48B7-BDDA-B4BEA1AFAE52}.Debug|Any CPU.Build.0 = Debug|Any CPU
		{33F85BB3-0BAD-48B7-BDDA-B4BEA1AFAE52}.Release|Any CPU.ActiveCfg = Release|Any CPU
		{33F85BB3-0BAD-48B7-BDDA-B4BEA1AFAE52}.Release|Any CPU.Build.0 = Release|Any CPU
		{73B6253B-FFAD-47B8-A66C-059C99752689}.Debug|Any CPU.ActiveCfg = Debug|Any CPU
		{73B6253B-FFAD-47B8-A66C-059C99752689}.Debug|Any CPU.Build.0 = Debug|Any CPU
		{73B6253B-FFAD-47B8-A66C-059C99752689}.Release|Any CPU.ActiveCfg = Release|Any CPU
		{73B6253B-FFAD-47B8-A66C-059C99752689}.Release|Any CPU.Build.0 = Release|Any CPU
	EndGlobalSection
	GlobalSection(SolutionProperties) = preSolution
		HideSolutionNode = FALSE
	EndGlobalSection
	GlobalSection(ExtensibilityGlobals) = postSolution
		SolutionGuid = {C993A595-3CD6-45FC-95FC-E3944CF26B68}
	EndGlobalSection
EndGlobal
